
Microsoft Visual Studio Solution File, Format Version 12.00
# Visual Studio Version 16
VisualStudioVersion = 16.0.30204.135
MinimumVisualStudioVersion = 10.0.40219.1
Project("{FAE04EC0-301F-11D3-BF4B-00C04F79EFBC}") = "TMIDotNetCoreFinalProject", "TMIDotNetCoreFinalProject.csproj", "{A54D7A71-DEC6-49C1-81D7-26467179F67D}"
EndProject
Global
	GlobalSection(SolutionConfigurationPlatforms) = preSolution
		Debug|Any CPU = Debug|Any CPU
		Release|Any CPU = Release|Any CPU
	EndGlobalSection
	GlobalSection(ProjectConfigurationPlatforms) = postSolution
		{A54D7A71-DEC6-49C1-81D7-26467179F67D}.Debug|Any CPU.ActiveCfg = Debug|Any CPU
		{A54D7A71-DEC6-49C1-81D7-26467179F67D}.Debug|Any CPU.Build.0 = Debug|Any CPU
		{A54D7A71-DEC6-49C1-81D7-26467179F67D}.Release|Any CPU.ActiveCfg = Release|Any CPU
		{A54D7A71-DEC6-49C1-81D7-26467179F67D}.Release|Any CPU.Build.0 = Release|Any CPU
	EndGlobalSection
	GlobalSection(SolutionProperties) = preSolution
		HideSolutionNode = FALSE
	EndGlobalSection
	GlobalSection(ExtensibilityGlobals) = postSolution
		SolutionGuid = {122CE99A-74D6-44B6-ACD0-4E783D2D645C}
	EndGlobalSection
EndGlobal
